// !$*UTF8*$!
{
	archiveVersion = 1;
	classes = {
	};
	objectVersion = 50;
	objects = {

/* Begin PBXBuildFile section */
		351DC6382505992C000604FE /* HighScoresTableViewController.swift in Sources */ = {isa = PBXBuildFile; fileRef = 351DC6372505992C000604FE /* HighScoresTableViewController.swift */; };
		351DC63C250BCD9D000604FE /* HighScoreItem.swift in Sources */ = {isa = PBXBuildFile; fileRef = 351DC63B250BCD9D000604FE /* HighScoreItem.swift */; };
		351DC63E250C74DE000604FE /* PersistencyHelper.swift in Sources */ = {isa = PBXBuildFile; fileRef = 351DC63D250C74DE000604FE /* PersistencyHelper.swift */; };
		351DC640250D3913000604FE /* EditHighScoreViewController.swift in Sources */ = {isa = PBXBuildFile; fileRef = 351DC63F250D3913000604FE /* EditHighScoreViewController.swift */; };
		356C03B32500C13900ACFFCC /* AppDelegate.swift in Sources */ = {isa = PBXBuildFile; fileRef = 356C03B22500C13900ACFFCC /* AppDelegate.swift */; };
		356C03B52500C13900ACFFCC /* SceneDelegate.swift in Sources */ = {isa = PBXBuildFile; fileRef = 356C03B42500C13900ACFFCC /* SceneDelegate.swift */; };
		356C03B72500C13900ACFFCC /* ViewController.swift in Sources */ = {isa = PBXBuildFile; fileRef = 356C03B62500C13900ACFFCC /* ViewController.swift */; };
		356C03BA2500C13900ACFFCC /* Main.storyboard in Resources */ = {isa = PBXBuildFile; fileRef = 356C03B82500C13900ACFFCC /* Main.storyboard */; };
		356C03BC2500C13A00ACFFCC /* Assets.xcassets in Resources */ = {isa = PBXBuildFile; fileRef = 356C03BB2500C13A00ACFFCC /* Assets.xcassets */; };
		356C03BF2500C13A00ACFFCC /* LaunchScreen.storyboard in Resources */ = {isa = PBXBuildFile; fileRef = 356C03BD2500C13A00ACFFCC /* LaunchScreen.storyboard */; };
		356C03C72502D24700ACFFCC /* AboutViewController.swift in Sources */ = {isa = PBXBuildFile; fileRef = 356C03C62502D24700ACFFCC /* AboutViewController.swift */; };
		356C03C92502DD1D00ACFFCC /* Bullseye.html in Resources */ = {isa = PBXBuildFile; fileRef = 356C03C82502DD1D00ACFFCC /* Bullseye.html */; };
		356C03CC2502DDA500ACFFCC /* WebKit.framework in Frameworks */ = {isa = PBXBuildFile; fileRef = 356C03CB2502DDA500ACFFCC /* WebKit.framework */; };
/* End PBXBuildFile section */

/* Begin PBXFileReference section */
		351DC6372505992C000604FE /* HighScoresTableViewController.swift */ = {isa = PBXFileReference; lastKnownFileType = sourcecode.swift; path = HighScoresTableViewController.swift; sourceTree = "<group>"; };
		351DC63B250BCD9D000604FE /* HighScoreItem.swift */ = {isa = PBXFileReference; lastKnownFileType = sourcecode.swift; path = HighScoreItem.swift; sourceTree = "<group>"; };
		351DC63D250C74DE000604FE /* PersistencyHelper.swift */ = {isa = PBXFileReference; lastKnownFileType = sourcecode.swift; path = PersistencyHelper.swift; sourceTree = "<group>"; };
		351DC63F250D3913000604FE /* EditHighScoreViewController.swift */ = {isa = PBXFileReference; lastKnownFileType = sourcecode.swift; path = EditHighScoreViewController.swift; sourceTree = "<group>"; };
		356C03AF2500C13900ACFFCC /* Bullseye2.app */ = {isa = PBXFileReference; explicitFileType = wrapper.application; includeInIndex = 0; path = Bullseye2.app; sourceTree = BUILT_PRODUCTS_DIR; };
		356C03B22500C13900ACFFCC /* AppDelegate.swift */ = {isa = PBXFileReference; lastKnownFileType = sourcecode.swift; path = AppDelegate.swift; sourceTree = "<group>"; };
		356C03B42500C13900ACFFCC /* SceneDelegate.swift */ = {isa = PBXFileReference; lastKnownFileType = sourcecode.swift; path = SceneDelegate.swift; sourceTree = "<group>"; };
		356C03B62500C13900ACFFCC /* ViewController.swift */ = {isa = PBXFileReference; lastKnownFileType = sourcecode.swift; path = ViewController.swift; sourceTree = "<group>"; };
		356C03B92500C13900ACFFCC /* Base */ = {isa = PBXFileReference; lastKnownFileType = file.storyboard; name = Base; path = Base.lproj/Main.storyboard; sourceTree = "<group>"; };
		356C03BB2500C13A00ACFFCC /* Assets.xcassets */ = {isa = PBXFileReference; lastKnownFileType = folder.assetcatalog; path = Assets.xcassets; sourceTree = "<group>"; };
		356C03BE2500C13A00ACFFCC /* Base */ = {isa = PBXFileReference; lastKnownFileType = file.storyboard; name = Base; path = Base.lproj/LaunchScreen.storyboard; sourceTree = "<group>"; };
		356C03C02500C13A00ACFFCC /* Info.plist */ = {isa = PBXFileReference; lastKnownFileType = text.plist.xml; path = Info.plist; sourceTree = "<group>"; };
		356C03C62502D24700ACFFCC /* AboutViewController.swift */ = {isa = PBXFileReference; lastKnownFileType = sourcecode.swift; path = AboutViewController.swift; sourceTree = "<group>"; };
		356C03C82502DD1D00ACFFCC /* Bullseye.html */ = {isa = PBXFileReference; fileEncoding = 4; lastKnownFileType = text.html; path = Bullseye.html; sourceTree = "<group>"; };
		356C03CB2502DDA500ACFFCC /* WebKit.framework */ = {isa = PBXFileReference; lastKnownFileType = wrapper.framework; name = WebKit.framework; path = System/Library/Frameworks/WebKit.framework; sourceTree = SDKROOT; };
/* End PBXFileReference section */

/* Begin PBXFrameworksBuildPhase section */
		356C03AC2500C13900ACFFCC /* Frameworks */ = {
			isa = PBXFrameworksBuildPhase;
			buildActionMask = 2147483647;
			files = (
				356C03CC2502DDA500ACFFCC /* WebKit.framework in Frameworks */,
			);
			runOnlyForDeploymentPostprocessing = 0;
		};
/* End PBXFrameworksBuildPhase section */

/* Begin PBXGroup section */
		356C03A62500C13900ACFFCC = {
			isa = PBXGroup;
			children = (
				356C03B12500C13900ACFFCC /* Bullseye2 */,
				356C03B02500C13900ACFFCC /* Products */,
				356C03CA2502DDA500ACFFCC /* Frameworks */,
			);
			sourceTree = "<group>";
		};
		356C03B02500C13900ACFFCC /* Products */ = {
			isa = PBXGroup;
			children = (
				356C03AF2500C13900ACFFCC /* Bullseye2.app */,
			);
			name = Products;
			sourceTree = "<group>";
		};
		356C03B12500C13900ACFFCC /* Bullseye2 */ = {
			isa = PBXGroup;
			children = (
				356C03C82502DD1D00ACFFCC /* Bullseye.html */,
				356C03B22500C13900ACFFCC /* AppDelegate.swift */,
				356C03B42500C13900ACFFCC /* SceneDelegate.swift */,
				356C03B62500C13900ACFFCC /* ViewController.swift */,
				356C03B82500C13900ACFFCC /* Main.storyboard */,
				356C03C62502D24700ACFFCC /* AboutViewController.swift */,
				351DC6372505992C000604FE /* HighScoresTableViewController.swift */,
				356C03BB2500C13A00ACFFCC /* Assets.xcassets */,
				356C03BD2500C13A00ACFFCC /* LaunchScreen.storyboard */,
				356C03C02500C13A00ACFFCC /* Info.plist */,
				351DC63B250BCD9D000604FE /* HighScoreItem.swift */,
				351DC63D250C74DE000604FE /* PersistencyHelper.swift */,
				351DC63F250D3913000604FE /* EditHighScoreViewController.swift */,
			);
			path = Bullseye2;
			sourceTree = "<group>";
		};
		356C03CA2502DDA500ACFFCC /* Frameworks */ = {
			isa = PBXGroup;
			children = (
				356C03CB2502DDA500ACFFCC /* WebKit.framework */,
			);
			name = Frameworks;
			sourceTree = "<group>";
		};
/* End PBXGroup section */

/* Begin PBXNativeTarget section */
		356C03AE2500C13900ACFFCC /* Bullseye2 */ = {
			isa = PBXNativeTarget;
			buildConfigurationList = 356C03C32500C13A00ACFFCC /* Build configuration list for PBXNativeTarget "Bullseye2" */;
			buildPhases = (
				356C03AB2500C13900ACFFCC /* Sources */,
				356C03AC2500C13900ACFFCC /* Frameworks */,
				356C03AD2500C13900ACFFCC /* Resources */,
			);
			buildRules = (
			);
			dependencies = (
			);
			name = Bullseye2;
			productName = Bullseye2;
			productReference = 356C03AF2500C13900ACFFCC /* Bullseye2.app */;
			productType = "com.apple.product-type.application";
		};
/* End PBXNativeTarget section */

/* Begin PBXProject section */
		356C03A72500C13900ACFFCC /* Project object */ = {
			isa = PBXProject;
			attributes = {
				LastSwiftUpdateCheck = 1160;
				LastUpgradeCheck = 1160;
				ORGANIZATIONNAME = "Tahlia Callegari";
				TargetAttributes = {
					356C03AE2500C13900ACFFCC = {
						CreatedOnToolsVersion = 11.6;
					};
				};
			};
			buildConfigurationList = 356C03AA2500C13900ACFFCC /* Build configuration list for PBXProject "Bullseye2" */;
			compatibilityVersion = "Xcode 9.3";
			developmentRegion = en;
			hasScannedForEncodings = 0;
			knownRegions = (
				en,
				Base,
			);
			mainGroup = 356C03A62500C13900ACFFCC;
			productRefGroup = 356C03B02500C13900ACFFCC /* Products */;
			projectDirPath = "";
			projectRoot = "";
			targets = (
				356C03AE2500C13900ACFFCC /* Bullseye2 */,
			);
		};
/* End PBXProject section */

/* Begin PBXResourcesBuildPhase section */
		356C03AD2500C13900ACFFCC /* Resources */ = {
			isa = PBXResourcesBuildPhase;
			buildActionMask = 2147483647;
			files = (
				356C03BF2500C13A00ACFFCC /* LaunchScreen.storyboard in Resources */,
				356C03C92502DD1D00ACFFCC /* Bullseye.html in Resources */,
				356C03BC2500C13A00ACFFCC /* Assets.xcassets in Resources */,
				356C03BA2500C13900ACFFCC /* Main.storyboard in Resources */,
			);
			runOnlyForDeploymentPostprocessing = 0;
		};
/* End PBXResourcesBuildPhase section */

/* Begin PBXSourcesBuildPhase section */
		356C03AB2500C13900ACFFCC /* Sources */ = {
			isa = PBXSourcesBuildPhase;
			buildActionMask = 2147483647;
			files = (
				351DC6382505992C000604FE /* HighScoresTableViewController.swift in Sources */,
				351DC63C250BCD9D000604FE /* HighScoreItem.swift in Sources */,
				351DC63E250C74DE000604FE /* PersistencyHelper.swift in Sources */,
				356C03B72500C13900ACFFCC /* ViewController.swift in Sources */,
				356C03B32500C13900ACFFCC /* AppDelegate.swift in Sources */,
				356C03C72502D24700ACFFCC /* AboutViewController.swift in Sources */,
				356C03B52500C13900ACFFCC /* SceneDelegate.swift in Sources */,
				351DC640250D3913000604FE /* EditHighScoreViewController.swift in Sources */,
			);
			runOnlyForDeploymentPostprocessing = 0;
		};
/* End PBXSourcesBuildPhase section */

/* Begin PBXVariantGroup section */
		356C03B82500C13900ACFFCC /* Main.storyboard */ = {
			isa = PBXVariantGroup;
			children = (
				356C03B92500C13900ACFFCC /* Base */,
			);
			name = Main.storyboard;
			sourceTree = "<group>";
		};
		356C03BD2500C13A00ACFFCC /* LaunchScreen.storyboard */ = {
			isa = PBXVariantGroup;
			children = (
				356C03BE2500C13A00ACFFCC /* Base */,
			);
			name = LaunchScreen.storyboard;
			sourceTree = "<group>";
		};
/* End PBXVariantGroup section */

/* Begin XCBuildConfiguration section */
		356C03C12500C13A00ACFFCC /* Debug */ = {
			isa = XCBuildConfiguration;
			buildSettings = {
				ALWAYS_SEARCH_USER_PATHS = NO;
				CLANG_ANALYZER_NONNULL = YES;
				CLANG_ANALYZER_NUMBER_OBJECT_CONVERSION = YES_AGGRESSIVE;
				CLANG_CXX_LANGUAGE_STANDARD = "gnu++14";
				CLANG_CXX_LIBRARY = "libc++";
				CLANG_ENABLE_MODULES = YES;
				CLANG_ENABLE_OBJC_ARC = YES;
				CLANG_ENABLE_OBJC_WEAK = YES;
				CLANG_WARN_BLOCK_CAPTURE_AUTORELEASING = YES;
				CLANG_WARN_BOOL_CONVERSION = YES;
				CLANG_WARN_COMMA = YES;
				CLANG_WARN_CONSTANT_CONVERSION = YES;
				CLANG_WARN_DEPRECATED_OBJC_IMPLEMENTATIONS = YES;
				CLANG_WARN_DIRECT_OBJC_ISA_USAGE = YES_ERROR;
				CLANG_WARN_DOCUMENTATION_COMMENTS = YES;
				CLANG_WARN_EMPTY_BODY = YES;
				CLANG_WARN_ENUM_CONVERSION = YES;
				CLANG_WARN_INFINITE_RECURSION = YES;
				CLANG_WARN_INT_CONVERSION = YES;
				CLANG_WARN_NON_LITERAL_NULL_CONVERSION = YES;
				CLANG_WARN_OBJC_IMPLICIT_RETAIN_SELF = YES;
				CLANG_WARN_OBJC_LITERAL_CONVERSION = YES;
				CLANG_WARN_OBJC_ROOT_CLASS = YES_ERROR;
				CLANG_WARN_RANGE_LOOP_ANALYSIS = YES;
				CLANG_WARN_STRICT_PROTOTYPES = YES;
				CLANG_WARN_SUSPICIOUS_MOVE = YES;
				CLANG_WARN_UNGUARDED_AVAILABILITY = YES_AGGRESSIVE;
				CLANG_WARN_UNREACHABLE_CODE = YES;
				CLANG_WARN__DUPLICATE_METHOD_MATCH = YES;
				COPY_PHASE_STRIP = NO;
				DEBUG_INFORMATION_FORMAT = dwarf;
				ENABLE_STRICT_OBJC_MSGSEND = YES;
				ENABLE_TESTABILITY = YES;
				GCC_C_LANGUAGE_STANDARD = gnu11;
				GCC_DYNAMIC_NO_PIC = NO;
				GCC_NO_COMMON_BLOCKS = YES;
				GCC_OPTIMIZATION_LEVEL = 0;
				GCC_PREPROCESSOR_DEFINITIONS = (
					"DEBUG=1",
					"$(inherited)",
				);
				GCC_WARN_64_TO_32_BIT_CONVERSION = YES;
				GCC_WARN_ABOUT_RETURN_TYPE = YES_ERROR;
				GCC_WARN_UNDECLARED_SELECTOR = YES;
				GCC_WARN_UNINITIALIZED_AUTOS = YES_AGGRESSIVE;
				GCC_WARN_UNUSED_FUNCTION = YES;
				GCC_WARN_UNUSED_VARIABLE = YES;
				IPHONEOS_DEPLOYMENT_TARGET = 13.6;
				MTL_ENABLE_DEBUG_INFO = INCLUDE_SOURCE;
				MTL_FAST_MATH = YES;
				ONLY_ACTIVE_ARCH = YES;
				SDKROOT = iphoneos;
				SWIFT_ACTIVE_COMPILATION_CONDITIONS = DEBUG;
				SWIFT_OPTIMIZATION_LEVEL = "-Onone";
			};
			name = Debug;
		};
		356C03C22500C13A00ACFFCC /* Release */ = {
			isa = XCBuildConfiguration;
			buildSettings = {
				ALWAYS_SEARCH_USER_PATHS = NO;
				CLANG_ANALYZER_NONNULL = YES;
				CLANG_ANALYZER_NUMBER_OBJECT_CONVERSION = YES_AGGRESSIVE;
				CLANG_CXX_LANGUAGE_STANDARD = "gnu++14";
				CLANG_CXX_LIBRARY = "libc++";
				CLANG_ENABLE_MODULES = YES;
				CLANG_ENABLE_OBJC_ARC = YES;
				CLANG_ENABLE_OBJC_WEAK = YES;
				CLANG_WARN_BLOCK_CAPTURE_AUTORELEASING = YES;
				CLANG_WARN_BOOL_CONVERSION = YES;
				CLANG_WARN_COMMA = YES;
				CLANG_WARN_CONSTANT_CONVERSION = YES;
				CLANG_WARN_DEPRECATED_OBJC_IMPLEMENTATIONS = YES;
				CLANG_WARN_DIRECT_OBJC_ISA_USAGE = YES_ERROR;
				CLANG_WARN_DOCUMENTATION_COMMENTS = YES;
				CLANG_WARN_EMPTY_BODY = YES;
				CLANG_WARN_ENUM_CONVERSION = YES;
				CLANG_WARN_INFINITE_RECURSION = YES;
				CLANG_WARN_INT_CONVERSION = YES;
				CLANG_WARN_NON_LITERAL_NULL_CONVERSION = YES;
				CLANG_WARN_OBJC_IMPLICIT_RETAIN_SELF = YES;
				CLANG_WARN_OBJC_LITERAL_CONVERSION = YES;
				CLANG_WARN_OBJC_ROOT_CLASS = YES_ERROR;
				CLANG_WARN_RANGE_LOOP_ANALYSIS = YES;
				CLANG_WARN_STRICT_PROTOTYPES = YES;
				CLANG_WARN_SUSPICIOUS_MOVE = YES;
				CLANG_WARN_UNGUARDED_AVAILABILITY = YES_AGGRESSIVE;
				CLANG_WARN_UNREACHABLE_CODE = YES;
				CLANG_WARN__DUPLICATE_METHOD_MATCH = YES;
				COPY_PHASE_STRIP = NO;
				DEBUG_INFORMATION_FORMAT = "dwarf-with-dsym";
				ENABLE_NS_ASSERTIONS = NO;
				ENABLE_STRICT_OBJC_MSGSEND = YES;
				GCC_C_LANGUAGE_STANDARD = gnu11;
				GCC_NO_COMMON_BLOCKS = YES;
				GCC_WARN_64_TO_32_BIT_CONVERSION = YES;
				GCC_WARN_ABOUT_RETURN_TYPE = YES_ERROR;
				GCC_WARN_UNDECLARED_SELECTOR = YES;
				GCC_WARN_UNINITIALIZED_AUTOS = YES_AGGRESSIVE;
				GCC_WARN_UNUSED_FUNCTION = YES;
				GCC_WARN_UNUSED_VARIABLE = YES;
				IPHONEOS_DEPLOYMENT_TARGET = 13.6;
				MTL_ENABLE_DEBUG_INFO = NO;
				MTL_FAST_MATH = YES;
				SDKROOT = iphoneos;
				SWIFT_COMPILATION_MODE = wholemodule;
				SWIFT_OPTIMIZATION_LEVEL = "-O";
				VALIDATE_PRODUCT = YES;
			};
			name = Release;
		};
		356C03C42500C13A00ACFFCC /* Debug */ = {
			isa = XCBuildConfiguration;
			buildSettings = {
				ASSETCATALOG_COMPILER_APPICON_NAME = AppIcon;
				CODE_SIGN_STYLE = Automatic;
				DEVELOPMENT_TEAM = VLQV2FA9D8;
				INFOPLIST_FILE = Bullseye2/Info.plist;
				LD_RUNPATH_SEARCH_PATHS = (
					"$(inherited)",
					"@executable_path/Frameworks",
				);
				PRODUCT_BUNDLE_IDENTIFIER = com.tahliacallegari.Bullseye2;
				PRODUCT_NAME = "$(TARGET_NAME)";
				SWIFT_VERSION = 5.0;
				TARGETED_DEVICE_FAMILY = "1,2";
			};
			name = Debug;
		};
		356C03C52500C13A00ACFFCC /* Release */ = {
			isa = XCBuildConfiguration;
			buildSettings = {
				ASSETCATALOG_COMPILER_APPICON_NAME = AppIcon;
				CODE_SIGN_STYLE = Automatic;
				DEVELOPMENT_TEAM = VLQV2FA9D8;
				INFOPLIST_FILE = Bullseye2/Info.plist;
				LD_RUNPATH_SEARCH_PATHS = (
					"$(inherited)",
					"@executable_path/Frameworks",
				);
				PRODUCT_BUNDLE_IDENTIFIER = com.tahliacallegari.Bullseye2;
				PRODUCT_NAME = "$(TARGET_NAME)";
				SWIFT_VERSION = 5.0;
				TARGETED_DEVICE_FAMILY = "1,2";
			};
			name = Release;
		};
/* End XCBuildConfiguration section */

/* Begin XCConfigurationList section */
		356C03AA2500C13900ACFFCC /* Build configuration list for PBXProject "Bullseye2" */ = {
			isa = XCConfigurationList;
			buildConfigurations = (
				356C03C12500C13A00ACFFCC /* Debug */,
				356C03C22500C13A00ACFFCC /* Release */,
			);
			defaultConfigurationIsVisible = 0;
			defaultConfigurationName = Release;
		};
		356C03C32500C13A00ACFFCC /* Build configuration list for PBXNativeTarget "Bullseye2" */ = {
			isa = XCConfigurationList;
			buildConfigurations = (
				356C03C42500C13A00ACFFCC /* Debug */,
				356C03C52500C13A00ACFFCC /* Release */,
			);
			defaultConfigurationIsVisible = 0;
			defaultConfigurationName = Release;
		};
/* End XCConfigurationList section */
	};
	rootObject = 356C03A72500C13900ACFFCC /* Project object */;
}
